
Microsoft Visual Studio Solution File, Format Version 12.00
# Visual Studio Version 16
VisualStudioVersion = 16.0.30611.23
MinimumVisualStudioVersion = 10.0.40219.1
Project("{8BC9CEB8-8B4A-11D0-8D11-00A0C91BC942}") = "№4.7", "№4.7.vcxproj", "{FCDAC1A4-1224-4ED4-B6CA-65B6253188E1}"
EndProject
Global
	GlobalSection(SolutionConfigurationPlatforms) = preSolution
		Debug|x64 = Debug|x64
		Debug|x86 = Debug|x86
		Release|x64 = Release|x64
		Release|x86 = Release|x86
	EndGlobalSection
	GlobalSection(ProjectConfigurationPlatforms) = postSolution
		{FCDAC1A4-1224-4ED4-B6CA-65B6253188E1}.Debug|x64.ActiveCfg = Debug|x64
		{FCDAC1A4-1224-4ED4-B6CA-65B6253188E1}.Debug|x64.Build.0 = Debug|x64
		{FCDAC1A4-1224-4ED4-B6CA-65B6253188E1}.Debug|x86.ActiveCfg = Debug|Win32
		{FCDAC1A4-1224-4ED4-B6CA-65B6253188E1}.Debug|x86.Build.0 = Debug|Win32
		{FCDAC1A4-1224-4ED4-B6CA-65B6253188E1}.Release|x64.ActiveCfg = Release|x64
		{FCDAC1A4-1224-4ED4-B6CA-65B6253188E1}.Release|x64.Build.0 = Release|x64
		{FCDAC1A4-1224-4ED4-B6CA-65B6253188E1}.Release|x86.ActiveCfg = Release|Win32
		{FCDAC1A4-1224-4ED4-B6CA-65B6253188E1}.Release|x86.Build.0 = Release|Win32
	EndGlobalSection
	GlobalSection(SolutionProperties) = preSolution
		HideSolutionNode = FALSE
	EndGlobalSection
	GlobalSection(ExtensibilityGlobals) = postSolution
		SolutionGuid = {7BC5EFB1-E506-4591-96A4-004AEF7D1EF6}
	EndGlobalSection
EndGlobal
